// !$*UTF8*$!
{
	archiveVersion = 1;
	classes = {
	};
	objectVersion = 56;
	objects = {

/* Begin PBXBuildFile section */
		C3DB4DA8F10295E992547D4F /* Pods_EcommerceAdditionalFeatures.framework in Frameworks */ = {isa = PBXBuildFile; fileRef = 20594FD5528DEE344C15DA5C /* Pods_EcommerceAdditionalFeatures.framework */; };
		C47ACD912CDF5CEF00080CE8 /* AppDelegate.swift in Sources */ = {isa = PBXBuildFile; fileRef = C47ACD902CDF5CEF00080CE8 /* AppDelegate.swift */; };
		C47ACD932CDF5CEF00080CE8 /* SceneDelegate.swift in Sources */ = {isa = PBXBuildFile; fileRef = C47ACD922CDF5CEF00080CE8 /* SceneDelegate.swift */; };
		C47ACD9A2CDF5CF000080CE8 /* Assets.xcassets in Resources */ = {isa = PBXBuildFile; fileRef = C47ACD992CDF5CF000080CE8 /* Assets.xcassets */; };
		C47ACD9D2CDF5CF000080CE8 /* Base in Resources */ = {isa = PBXBuildFile; fileRef = C47ACD9C2CDF5CF000080CE8 /* Base */; };
		C47ACDA72CDF638E00080CE8 /* Controller.swift in Sources */ = {isa = PBXBuildFile; fileRef = C47ACDA62CDF638E00080CE8 /* Controller.swift */; };
		C47ACDA92CDF63E500080CE8 /* ViewModel.swift in Sources */ = {isa = PBXBuildFile; fileRef = C47ACDA82CDF63E500080CE8 /* ViewModel.swift */; };
		C47ACDAB2CDF63F400080CE8 /* NavigationController.swift in Sources */ = {isa = PBXBuildFile; fileRef = C47ACDAA2CDF63F400080CE8 /* NavigationController.swift */; };
		C47ACDAE2CDF64FD00080CE8 /* Extensions.swift in Sources */ = {isa = PBXBuildFile; fileRef = C47ACDAD2CDF64FD00080CE8 /* Extensions.swift */; };
		C47ACDB32CDF679D00080CE8 /* SignInController.swift in Sources */ = {isa = PBXBuildFile; fileRef = C47ACDB22CDF679D00080CE8 /* SignInController.swift */; };
		C47ACDB52CDF67AC00080CE8 /* SignInViewModel.swift in Sources */ = {isa = PBXBuildFile; fileRef = C47ACDB42CDF67AC00080CE8 /* SignInViewModel.swift */; };
		C47ACDB82CDF68B200080CE8 /* SignUpController.swift in Sources */ = {isa = PBXBuildFile; fileRef = C47ACDB72CDF68B200080CE8 /* SignUpController.swift */; };
		C47ACDBA2CDF68C000080CE8 /* SignUpViewModel.swift in Sources */ = {isa = PBXBuildFile; fileRef = C47ACDB92CDF68C000080CE8 /* SignUpViewModel.swift */; };
		C47ACDBC2CDF694100080CE8 /* LoginNavigationController.swift in Sources */ = {isa = PBXBuildFile; fileRef = C47ACDBB2CDF694100080CE8 /* LoginNavigationController.swift */; };
		C47ACDBF2CDF6A2400080CE8 /* TextFieldLayout.swift in Sources */ = {isa = PBXBuildFile; fileRef = C47ACDBE2CDF6A2400080CE8 /* TextFieldLayout.swift */; };
		C47ACDC12CDF6A7D00080CE8 /* Views.swift in Sources */ = {isa = PBXBuildFile; fileRef = C47ACDC02CDF6A7D00080CE8 /* Views.swift */; };
		C47ACDC32CDF6B8900080CE8 /* Device.swift in Sources */ = {isa = PBXBuildFile; fileRef = C47ACDC22CDF6B8900080CE8 /* Device.swift */; };
		C47ACDC52CDF6BEF00080CE8 /* Buttons.swift in Sources */ = {isa = PBXBuildFile; fileRef = C47ACDC42CDF6BEF00080CE8 /* Buttons.swift */; };
		C47ACDC72CDF6D5D00080CE8 /* AlertView.swift in Sources */ = {isa = PBXBuildFile; fileRef = C47ACDC62CDF6D5D00080CE8 /* AlertView.swift */; };
		C47ACDC92CDF6DC800080CE8 /* Model.swift in Sources */ = {isa = PBXBuildFile; fileRef = C47ACDC82CDF6DC800080CE8 /* Model.swift */; };
		C47ACDCB2CDF6E1C00080CE8 /* Enums.swift in Sources */ = {isa = PBXBuildFile; fileRef = C47ACDCA2CDF6E1C00080CE8 /* Enums.swift */; };
		C47ACDCD2CDF6E8300080CE8 /* LoadingView.swift in Sources */ = {isa = PBXBuildFile; fileRef = C47ACDCC2CDF6E8300080CE8 /* LoadingView.swift */; };
		C47ACDD02CDF737300080CE8 /* AuthService.swift in Sources */ = {isa = PBXBuildFile; fileRef = C47ACDCF2CDF737300080CE8 /* AuthService.swift */; };
		C47ACDD22CDF73D200080CE8 /* Service.swift in Sources */ = {isa = PBXBuildFile; fileRef = C47ACDD12CDF73D200080CE8 /* Service.swift */; };
		C47ACDD42CDF740D00080CE8 /* DatabaseService.swift in Sources */ = {isa = PBXBuildFile; fileRef = C47ACDD32CDF740D00080CE8 /* DatabaseService.swift */; };
		C47ACDD72CDF761800080CE8 /* MainController.swift in Sources */ = {isa = PBXBuildFile; fileRef = C47ACDD62CDF761800080CE8 /* MainController.swift */; };
		C47ACDD92CDF78BF00080CE8 /* ParserService.swift in Sources */ = {isa = PBXBuildFile; fileRef = C47ACDD82CDF78BF00080CE8 /* ParserService.swift */; };
		C47ACDDB2CDF797500080CE8 /* UserDefaultsService.swift in Sources */ = {isa = PBXBuildFile; fileRef = C47ACDDA2CDF797500080CE8 /* UserDefaultsService.swift */; };
		C47ACDE12CDF7EAC00080CE8 /* GoogleService-Info.plist in Resources */ = {isa = PBXBuildFile; fileRef = C47ACDE02CDF7EAC00080CE8 /* GoogleService-Info.plist */; };
		C47ACDE42CDF803200080CE8 /* SplashController.swift in Sources */ = {isa = PBXBuildFile; fileRef = C47ACDE32CDF803200080CE8 /* SplashController.swift */; };
		C47ACDE62CDF803C00080CE8 /* SplashViewModel.swift in Sources */ = {isa = PBXBuildFile; fileRef = C47ACDE52CDF803C00080CE8 /* SplashViewModel.swift */; };
		C47ACDE82CDFE68400080CE8 /* MainViewModel.swift in Sources */ = {isa = PBXBuildFile; fileRef = C47ACDE72CDFE68400080CE8 /* MainViewModel.swift */; };
		C47ACDEA2CDFE6CE00080CE8 /* MainNavigationController.swift in Sources */ = {isa = PBXBuildFile; fileRef = C47ACDE92CDFE6CE00080CE8 /* MainNavigationController.swift */; };
/* End PBXBuildFile section */

/* Begin PBXFileReference section */
		20594FD5528DEE344C15DA5C /* Pods_EcommerceAdditionalFeatures.framework */ = {isa = PBXFileReference; explicitFileType = wrapper.framework; includeInIndex = 0; path = Pods_EcommerceAdditionalFeatures.framework; sourceTree = BUILT_PRODUCTS_DIR; };
		53F5FEAF5B5AA58C81E32770 /* Pods-EcommerceAdditionalFeatures.debug.xcconfig */ = {isa = PBXFileReference; includeInIndex = 1; lastKnownFileType = text.xcconfig; name = "Pods-EcommerceAdditionalFeatures.debug.xcconfig"; path = "Target Support Files/Pods-EcommerceAdditionalFeatures/Pods-EcommerceAdditionalFeatures.debug.xcconfig"; sourceTree = "<group>"; };
		9701AC1449BF3718F0F5ECCB /* Pods-EcommerceAdditionalFeatures.release.xcconfig */ = {isa = PBXFileReference; includeInIndex = 1; lastKnownFileType = text.xcconfig; name = "Pods-EcommerceAdditionalFeatures.release.xcconfig"; path = "Target Support Files/Pods-EcommerceAdditionalFeatures/Pods-EcommerceAdditionalFeatures.release.xcconfig"; sourceTree = "<group>"; };
		C47ACD8D2CDF5CEF00080CE8 /* EcommerceAdditionalFeatures.app */ = {isa = PBXFileReference; explicitFileType = wrapper.application; includeInIndex = 0; path = EcommerceAdditionalFeatures.app; sourceTree = BUILT_PRODUCTS_DIR; };
		C47ACD902CDF5CEF00080CE8 /* AppDelegate.swift */ = {isa = PBXFileReference; lastKnownFileType = sourcecode.swift; path = AppDelegate.swift; sourceTree = "<group>"; };
		C47ACD922CDF5CEF00080CE8 /* SceneDelegate.swift */ = {isa = PBXFileReference; lastKnownFileType = sourcecode.swift; path = SceneDelegate.swift; sourceTree = "<group>"; };
		C47ACD992CDF5CF000080CE8 /* Assets.xcassets */ = {isa = PBXFileReference; lastKnownFileType = folder.assetcatalog; path = Assets.xcassets; sourceTree = "<group>"; };
		C47ACD9C2CDF5CF000080CE8 /* Base */ = {isa = PBXFileReference; lastKnownFileType = file.storyboard; name = Base; path = Base.lproj/LaunchScreen.storyboard; sourceTree = "<group>"; };
		C47ACD9E2CDF5CF000080CE8 /* Info.plist */ = {isa = PBXFileReference; lastKnownFileType = text.plist.xml; path = Info.plist; sourceTree = "<group>"; };
		C47ACDA62CDF638E00080CE8 /* Controller.swift */ = {isa = PBXFileReference; lastKnownFileType = sourcecode.swift; path = Controller.swift; sourceTree = "<group>"; };
		C47ACDA82CDF63E500080CE8 /* ViewModel.swift */ = {isa = PBXFileReference; lastKnownFileType = sourcecode.swift; path = ViewModel.swift; sourceTree = "<group>"; };
		C47ACDAA2CDF63F400080CE8 /* NavigationController.swift */ = {isa = PBXFileReference; lastKnownFileType = sourcecode.swift; path = NavigationController.swift; sourceTree = "<group>"; };
		C47ACDAD2CDF64FD00080CE8 /* Extensions.swift */ = {isa = PBXFileReference; lastKnownFileType = sourcecode.swift; path = Extensions.swift; sourceTree = "<group>"; };
		C47ACDB22CDF679D00080CE8 /* SignInController.swift */ = {isa = PBXFileReference; lastKnownFileType = sourcecode.swift; path = SignInController.swift; sourceTree = "<group>"; };
		C47ACDB42CDF67AC00080CE8 /* SignInViewModel.swift */ = {isa = PBXFileReference; lastKnownFileType = sourcecode.swift; path = SignInViewModel.swift; sourceTree = "<group>"; };
		C47ACDB72CDF68B200080CE8 /* SignUpController.swift */ = {isa = PBXFileReference; lastKnownFileType = sourcecode.swift; path = SignUpController.swift; sourceTree = "<group>"; };
		C47ACDB92CDF68C000080CE8 /* SignUpViewModel.swift */ = {isa = PBXFileReference; lastKnownFileType = sourcecode.swift; path = SignUpViewModel.swift; sourceTree = "<group>"; };
		C47ACDBB2CDF694100080CE8 /* LoginNavigationController.swift */ = {isa = PBXFileReference; lastKnownFileType = sourcecode.swift; path = LoginNavigationController.swift; sourceTree = "<group>"; };
		C47ACDBE2CDF6A2400080CE8 /* TextFieldLayout.swift */ = {isa = PBXFileReference; lastKnownFileType = sourcecode.swift; path = TextFieldLayout.swift; sourceTree = "<group>"; };
		C47ACDC02CDF6A7D00080CE8 /* Views.swift */ = {isa = PBXFileReference; lastKnownFileType = sourcecode.swift; path = Views.swift; sourceTree = "<group>"; };
		C47ACDC22CDF6B8900080CE8 /* Device.swift */ = {isa = PBXFileReference; lastKnownFileType = sourcecode.swift; path = Device.swift; sourceTree = "<group>"; };
		C47ACDC42CDF6BEF00080CE8 /* Buttons.swift */ = {isa = PBXFileReference; lastKnownFileType = sourcecode.swift; path = Buttons.swift; sourceTree = "<group>"; };
		C47ACDC62CDF6D5D00080CE8 /* AlertView.swift */ = {isa = PBXFileReference; lastKnownFileType = sourcecode.swift; path = AlertView.swift; sourceTree = "<group>"; };
		C47ACDC82CDF6DC800080CE8 /* Model.swift */ = {isa = PBXFileReference; lastKnownFileType = sourcecode.swift; path = Model.swift; sourceTree = "<group>"; };
		C47ACDCA2CDF6E1C00080CE8 /* Enums.swift */ = {isa = PBXFileReference; lastKnownFileType = sourcecode.swift; path = Enums.swift; sourceTree = "<group>"; };
		C47ACDCC2CDF6E8300080CE8 /* LoadingView.swift */ = {isa = PBXFileReference; lastKnownFileType = sourcecode.swift; path = LoadingView.swift; sourceTree = "<group>"; };
		C47ACDCF2CDF737300080CE8 /* AuthService.swift */ = {isa = PBXFileReference; lastKnownFileType = sourcecode.swift; path = AuthService.swift; sourceTree = "<group>"; };
		C47ACDD12CDF73D200080CE8 /* Service.swift */ = {isa = PBXFileReference; lastKnownFileType = sourcecode.swift; path = Service.swift; sourceTree = "<group>"; };
		C47ACDD32CDF740D00080CE8 /* DatabaseService.swift */ = {isa = PBXFileReference; lastKnownFileType = sourcecode.swift; path = DatabaseService.swift; sourceTree = "<group>"; };
		C47ACDD62CDF761800080CE8 /* MainController.swift */ = {isa = PBXFileReference; lastKnownFileType = sourcecode.swift; path = MainController.swift; sourceTree = "<group>"; };
		C47ACDD82CDF78BF00080CE8 /* ParserService.swift */ = {isa = PBXFileReference; lastKnownFileType = sourcecode.swift; path = ParserService.swift; sourceTree = "<group>"; };
		C47ACDDA2CDF797500080CE8 /* UserDefaultsService.swift */ = {isa = PBXFileReference; lastKnownFileType = sourcecode.swift; path = UserDefaultsService.swift; sourceTree = "<group>"; };
		C47ACDE02CDF7EAC00080CE8 /* GoogleService-Info.plist */ = {isa = PBXFileReference; fileEncoding = 4; lastKnownFileType = text.plist.xml; name = "GoogleService-Info.plist"; path = "../../../../../../Downloads/GoogleService-Info.plist"; sourceTree = "<group>"; };
		C47ACDE32CDF803200080CE8 /* SplashController.swift */ = {isa = PBXFileReference; lastKnownFileType = sourcecode.swift; path = SplashController.swift; sourceTree = "<group>"; };
		C47ACDE52CDF803C00080CE8 /* SplashViewModel.swift */ = {isa = PBXFileReference; lastKnownFileType = sourcecode.swift; path = SplashViewModel.swift; sourceTree = "<group>"; };
		C47ACDE72CDFE68400080CE8 /* MainViewModel.swift */ = {isa = PBXFileReference; lastKnownFileType = sourcecode.swift; path = MainViewModel.swift; sourceTree = "<group>"; };
		C47ACDE92CDFE6CE00080CE8 /* MainNavigationController.swift */ = {isa = PBXFileReference; lastKnownFileType = sourcecode.swift; path = MainNavigationController.swift; sourceTree = "<group>"; };
/* End PBXFileReference section */

/* Begin PBXFrameworksBuildPhase section */
		C47ACD8A2CDF5CEF00080CE8 /* Frameworks */ = {
			isa = PBXFrameworksBuildPhase;
			buildActionMask = 2147483647;
			files = (
				C3DB4DA8F10295E992547D4F /* Pods_EcommerceAdditionalFeatures.framework in Frameworks */,
			);
			runOnlyForDeploymentPostprocessing = 0;
		};
/* End PBXFrameworksBuildPhase section */

/* Begin PBXGroup section */
		7FC9C85459681815B7715B55 /* Frameworks */ = {
			isa = PBXGroup;
			children = (
				20594FD5528DEE344C15DA5C /* Pods_EcommerceAdditionalFeatures.framework */,
			);
			name = Frameworks;
			sourceTree = "<group>";
		};
		A17F416DA22D4F5D78F31900 /* Pods */ = {
			isa = PBXGroup;
			children = (
				53F5FEAF5B5AA58C81E32770 /* Pods-EcommerceAdditionalFeatures.debug.xcconfig */,
				9701AC1449BF3718F0F5ECCB /* Pods-EcommerceAdditionalFeatures.release.xcconfig */,
			);
			path = Pods;
			sourceTree = "<group>";
		};
		C47ACD842CDF5CEF00080CE8 = {
			isa = PBXGroup;
			children = (
				C47ACD8F2CDF5CEF00080CE8 /* EcommerceAdditionalFeatures */,
				C47ACD8E2CDF5CEF00080CE8 /* Products */,
				A17F416DA22D4F5D78F31900 /* Pods */,
				7FC9C85459681815B7715B55 /* Frameworks */,
			);
			sourceTree = "<group>";
		};
		C47ACD8E2CDF5CEF00080CE8 /* Products */ = {
			isa = PBXGroup;
			children = (
				C47ACD8D2CDF5CEF00080CE8 /* EcommerceAdditionalFeatures.app */,
			);
			name = Products;
			sourceTree = "<group>";
		};
		C47ACD8F2CDF5CEF00080CE8 /* EcommerceAdditionalFeatures */ = {
			isa = PBXGroup;
			children = (
				C47ACDE02CDF7EAC00080CE8 /* GoogleService-Info.plist */,
				C47ACDCE2CDF736400080CE8 /* Services */,
				C47ACDBD2CDF6A1500080CE8 /* components */,
				C47ACDAC2CDF64E700080CE8 /* utils */,
				C47ACDA52CDF637B00080CE8 /* base */,
				C47ACDA42CDF634200080CE8 /* scenes */,
				C47ACD902CDF5CEF00080CE8 /* AppDelegate.swift */,
				C47ACD922CDF5CEF00080CE8 /* SceneDelegate.swift */,
				C47ACD992CDF5CF000080CE8 /* Assets.xcassets */,
				C47ACD9B2CDF5CF000080CE8 /* LaunchScreen.storyboard */,
				C47ACD9E2CDF5CF000080CE8 /* Info.plist */,
			);
			path = EcommerceAdditionalFeatures;
			sourceTree = "<group>";
		};
		C47ACDA42CDF634200080CE8 /* scenes */ = {
			isa = PBXGroup;
			children = (
				C47ACDD52CDF760300080CE8 /* Main */,
				C47ACDAF2CDF676A00080CE8 /* login */,
			);
			path = scenes;
			sourceTree = "<group>";
		};
		C47ACDA52CDF637B00080CE8 /* base */ = {
			isa = PBXGroup;
			children = (
				C47ACDA62CDF638E00080CE8 /* Controller.swift */,
				C47ACDA82CDF63E500080CE8 /* ViewModel.swift */,
				C47ACDAA2CDF63F400080CE8 /* NavigationController.swift */,
				C47ACDC02CDF6A7D00080CE8 /* Views.swift */,
				C47ACDC82CDF6DC800080CE8 /* Model.swift */,
				C47ACDCA2CDF6E1C00080CE8 /* Enums.swift */,
				C47ACDD12CDF73D200080CE8 /* Service.swift */,
			);
			path = base;
			sourceTree = "<group>";
		};
		C47ACDAC2CDF64E700080CE8 /* utils */ = {
			isa = PBXGroup;
			children = (
				C47ACDAD2CDF64FD00080CE8 /* Extensions.swift */,
				C47ACDC22CDF6B8900080CE8 /* Device.swift */,
			);
			path = utils;
			sourceTree = "<group>";
		};
		C47ACDAF2CDF676A00080CE8 /* login */ = {
			isa = PBXGroup;
			children = (
				C47ACDE22CDF802300080CE8 /* splash */,
				C47ACDB02CDF677600080CE8 /* signIn */,
				C47ACDB12CDF678200080CE8 /* signUp */,
				C47ACDBB2CDF694100080CE8 /* LoginNavigationController.swift */,
			);
			path = login;
			sourceTree = "<group>";
		};
		C47ACDB02CDF677600080CE8 /* signIn */ = {
			isa = PBXGroup;
			children = (
				C47ACDB22CDF679D00080CE8 /* SignInController.swift */,
				C47ACDB42CDF67AC00080CE8 /* SignInViewModel.swift */,
			);
			path = signIn;
			sourceTree = "<group>";
		};
		C47ACDB12CDF678200080CE8 /* signUp */ = {
			isa = PBXGroup;
			children = (
				C47ACDB72CDF68B200080CE8 /* SignUpController.swift */,
				C47ACDB92CDF68C000080CE8 /* SignUpViewModel.swift */,
			);
			path = signUp;
			sourceTree = "<group>";
		};
		C47ACDBD2CDF6A1500080CE8 /* components */ = {
			isa = PBXGroup;
			children = (
				C47ACDBE2CDF6A2400080CE8 /* TextFieldLayout.swift */,
				C47ACDC42CDF6BEF00080CE8 /* Buttons.swift */,
				C47ACDC62CDF6D5D00080CE8 /* AlertView.swift */,
				C47ACDCC2CDF6E8300080CE8 /* LoadingView.swift */,
			);
			path = components;
			sourceTree = "<group>";
		};
		C47ACDCE2CDF736400080CE8 /* Services */ = {
			isa = PBXGroup;
			children = (
				C47ACDCF2CDF737300080CE8 /* AuthService.swift */,
				C47ACDD32CDF740D00080CE8 /* DatabaseService.swift */,
				C47ACDD82CDF78BF00080CE8 /* ParserService.swift */,
				C47ACDDA2CDF797500080CE8 /* UserDefaultsService.swift */,
			);
			path = Services;
			sourceTree = "<group>";
		};
		C47ACDD52CDF760300080CE8 /* Main */ = {
			isa = PBXGroup;
			children = (
				C47ACDD62CDF761800080CE8 /* MainController.swift */,
				C47ACDE72CDFE68400080CE8 /* MainViewModel.swift */,
				C47ACDE92CDFE6CE00080CE8 /* MainNavigationController.swift */,
			);
			path = Main;
			sourceTree = "<group>";
		};
		C47ACDE22CDF802300080CE8 /* splash */ = {
			isa = PBXGroup;
			children = (
				C47ACDE32CDF803200080CE8 /* SplashController.swift */,
				C47ACDE52CDF803C00080CE8 /* SplashViewModel.swift */,
			);
			path = splash;
			sourceTree = "<group>";
		};
/* End PBXGroup section */

/* Begin PBXNativeTarget section */
		C47ACD8C2CDF5CEF00080CE8 /* EcommerceAdditionalFeatures */ = {
			isa = PBXNativeTarget;
			buildConfigurationList = C47ACDA12CDF5CF000080CE8 /* Build configuration list for PBXNativeTarget "EcommerceAdditionalFeatures" */;
			buildPhases = (
				AAB5A9F5939A9FCF806F469C /* [CP] Check Pods Manifest.lock */,
				C47ACD892CDF5CEF00080CE8 /* Sources */,
				C47ACD8A2CDF5CEF00080CE8 /* Frameworks */,
				C47ACD8B2CDF5CEF00080CE8 /* Resources */,
				DAF61ECF1F5AC880706E3248 /* [CP] Embed Pods Frameworks */,
			);
			buildRules = (
			);
			dependencies = (
			);
			name = EcommerceAdditionalFeatures;
			productName = EcommerceAdditionalFeatures;
			productReference = C47ACD8D2CDF5CEF00080CE8 /* EcommerceAdditionalFeatures.app */;
			productType = "com.apple.product-type.application";
		};
/* End PBXNativeTarget section */

/* Begin PBXProject section */
		C47ACD852CDF5CEF00080CE8 /* Project object */ = {
			isa = PBXProject;
			attributes = {
				BuildIndependentTargetsInParallel = 1;
				LastSwiftUpdateCheck = 1540;
				LastUpgradeCheck = 1540;
				TargetAttributes = {
					C47ACD8C2CDF5CEF00080CE8 = {
						CreatedOnToolsVersion = 15.4;
					};
				};
			};
			buildConfigurationList = C47ACD882CDF5CEF00080CE8 /* Build configuration list for PBXProject "EcommerceAdditionalFeatures" */;
			compatibilityVersion = "Xcode 14.0";
			developmentRegion = en;
			hasScannedForEncodings = 0;
			knownRegions = (
				en,
				Base,
			);
			mainGroup = C47ACD842CDF5CEF00080CE8;
			productRefGroup = C47ACD8E2CDF5CEF00080CE8 /* Products */;
			projectDirPath = "";
			projectRoot = "";
			targets = (
				C47ACD8C2CDF5CEF00080CE8 /* EcommerceAdditionalFeatures */,
			);
		};
/* End PBXProject section */

/* Begin PBXResourcesBuildPhase section */
		C47ACD8B2CDF5CEF00080CE8 /* Resources */ = {
			isa = PBXResourcesBuildPhase;
			buildActionMask = 2147483647;
			files = (
				C47ACD9A2CDF5CF000080CE8 /* Assets.xcassets in Resources */,
				C47ACD9D2CDF5CF000080CE8 /* Base in Resources */,
				C47ACDE12CDF7EAC00080CE8 /* GoogleService-Info.plist in Resources */,
			);
			runOnlyForDeploymentPostprocessing = 0;
		};
/* End PBXResourcesBuildPhase section */

/* Begin PBXShellScriptBuildPhase section */
		AAB5A9F5939A9FCF806F469C /* [CP] Check Pods Manifest.lock */ = {
			isa = PBXShellScriptBuildPhase;
			buildActionMask = 2147483647;
			files = (
			);
			inputFileListPaths = (
			);
			inputPaths = (
				"${PODS_PODFILE_DIR_PATH}/Podfile.lock",
				"${PODS_ROOT}/Manifest.lock",
			);
			name = "[CP] Check Pods Manifest.lock";
			outputFileListPaths = (
			);
			outputPaths = (
				"$(DERIVED_FILE_DIR)/Pods-EcommerceAdditionalFeatures-checkManifestLockResult.txt",
			);
			runOnlyForDeploymentPostprocessing = 0;
			shellPath = /bin/sh;
			shellScript = "diff \"${PODS_PODFILE_DIR_PATH}/Podfile.lock\" \"${PODS_ROOT}/Manifest.lock\" > /dev/null\nif [ $? != 0 ] ; then\n    # print error to STDERR\n    echo \"error: The sandbox is not in sync with the Podfile.lock. Run 'pod install' or update your CocoaPods installation.\" >&2\n    exit 1\nfi\n# This output is used by Xcode 'outputs' to avoid re-running this script phase.\necho \"SUCCESS\" > \"${SCRIPT_OUTPUT_FILE_0}\"\n";
			showEnvVarsInLog = 0;
		};
		DAF61ECF1F5AC880706E3248 /* [CP] Embed Pods Frameworks */ = {
			isa = PBXShellScriptBuildPhase;
			buildActionMask = 2147483647;
			files = (
			);
			inputFileListPaths = (
				"${PODS_ROOT}/Target Support Files/Pods-EcommerceAdditionalFeatures/Pods-EcommerceAdditionalFeatures-frameworks-${CONFIGURATION}-input-files.xcfilelist",
			);
			name = "[CP] Embed Pods Frameworks";
			outputFileListPaths = (
				"${PODS_ROOT}/Target Support Files/Pods-EcommerceAdditionalFeatures/Pods-EcommerceAdditionalFeatures-frameworks-${CONFIGURATION}-output-files.xcfilelist",
			);
			runOnlyForDeploymentPostprocessing = 0;
			shellPath = /bin/sh;
			shellScript = "\"${PODS_ROOT}/Target Support Files/Pods-EcommerceAdditionalFeatures/Pods-EcommerceAdditionalFeatures-frameworks.sh\"\n";
			showEnvVarsInLog = 0;
		};
/* End PBXShellScriptBuildPhase section */

/* Begin PBXSourcesBuildPhase section */
		C47ACD892CDF5CEF00080CE8 /* Sources */ = {
			isa = PBXSourcesBuildPhase;
			buildActionMask = 2147483647;
			files = (
				C47ACDA92CDF63E500080CE8 /* ViewModel.swift in Sources */,
				C47ACDAB2CDF63F400080CE8 /* NavigationController.swift in Sources */,
				C47ACD912CDF5CEF00080CE8 /* AppDelegate.swift in Sources */,
				C47ACD932CDF5CEF00080CE8 /* SceneDelegate.swift in Sources */,
				C47ACDB82CDF68B200080CE8 /* SignUpController.swift in Sources */,
				C47ACDB52CDF67AC00080CE8 /* SignInViewModel.swift in Sources */,
				C47ACDC52CDF6BEF00080CE8 /* Buttons.swift in Sources */,
				C47ACDE82CDFE68400080CE8 /* MainViewModel.swift in Sources */,
				C47ACDEA2CDFE6CE00080CE8 /* MainNavigationController.swift in Sources */,
				C47ACDDB2CDF797500080CE8 /* UserDefaultsService.swift in Sources */,
				C47ACDD02CDF737300080CE8 /* AuthService.swift in Sources */,
				C47ACDD22CDF73D200080CE8 /* Service.swift in Sources */,
				C47ACDBC2CDF694100080CE8 /* LoginNavigationController.swift in Sources */,
				C47ACDD42CDF740D00080CE8 /* DatabaseService.swift in Sources */,
				C47ACDE62CDF803C00080CE8 /* SplashViewModel.swift in Sources */,
				C47ACDB32CDF679D00080CE8 /* SignInController.swift in Sources */,
				C47ACDC32CDF6B8900080CE8 /* Device.swift in Sources */,
				C47ACDC92CDF6DC800080CE8 /* Model.swift in Sources */,
				C47ACDBF2CDF6A2400080CE8 /* TextFieldLayout.swift in Sources */,
				C47ACDC12CDF6A7D00080CE8 /* Views.swift in Sources */,
				C47ACDA72CDF638E00080CE8 /* Controller.swift in Sources */,
				C47ACDE42CDF803200080CE8 /* SplashController.swift in Sources */,
				C47ACDC72CDF6D5D00080CE8 /* AlertView.swift in Sources */,
				C47ACDBA2CDF68C000080CE8 /* SignUpViewModel.swift in Sources */,
				C47ACDCB2CDF6E1C00080CE8 /* Enums.swift in Sources */,
				C47ACDD92CDF78BF00080CE8 /* ParserService.swift in Sources */,
				C47ACDCD2CDF6E8300080CE8 /* LoadingView.swift in Sources */,
				C47ACDAE2CDF64FD00080CE8 /* Extensions.swift in Sources */,
				C47ACDD72CDF761800080CE8 /* MainController.swift in Sources */,
			);
			runOnlyForDeploymentPostprocessing = 0;
		};
/* End PBXSourcesBuildPhase section */

/* Begin PBXVariantGroup section */
		C47ACD9B2CDF5CF000080CE8 /* LaunchScreen.storyboard */ = {
			isa = PBXVariantGroup;
			children = (
				C47ACD9C2CDF5CF000080CE8 /* Base */,
			);
			name = LaunchScreen.storyboard;
			sourceTree = "<group>";
		};
/* End PBXVariantGroup section */

/* Begin XCBuildConfiguration section */
		C47ACD9F2CDF5CF000080CE8 /* Debug */ = {
			isa = XCBuildConfiguration;
			buildSettings = {
				ALWAYS_SEARCH_USER_PATHS = NO;
				ASSETCATALOG_COMPILER_GENERATE_SWIFT_ASSET_SYMBOL_EXTENSIONS = YES;
				CLANG_ANALYZER_NONNULL = YES;
				CLANG_ANALYZER_NUMBER_OBJECT_CONVERSION = YES_AGGRESSIVE;
				CLANG_CXX_LANGUAGE_STANDARD = "gnu++20";
				CLANG_ENABLE_MODULES = YES;
				CLANG_ENABLE_OBJC_ARC = YES;
				CLANG_ENABLE_OBJC_WEAK = YES;
				CLANG_WARN_BLOCK_CAPTURE_AUTORELEASING = YES;
				CLANG_WARN_BOOL_CONVERSION = YES;
				CLANG_WARN_COMMA = YES;
				CLANG_WARN_CONSTANT_CONVERSION = YES;
				CLANG_WARN_DEPRECATED_OBJC_IMPLEMENTATIONS = YES;
				CLANG_WARN_DIRECT_OBJC_ISA_USAGE = YES_ERROR;
				CLANG_WARN_DOCUMENTATION_COMMENTS = YES;
				CLANG_WARN_EMPTY_BODY = YES;
				CLANG_WARN_ENUM_CONVERSION = YES;
				CLANG_WARN_INFINITE_RECURSION = YES;
				CLANG_WARN_INT_CONVERSION = YES;
				CLANG_WARN_NON_LITERAL_NULL_CONVERSION = YES;
				CLANG_WARN_OBJC_IMPLICIT_RETAIN_SELF = YES;
				CLANG_WARN_OBJC_LITERAL_CONVERSION = YES;
				CLANG_WARN_OBJC_ROOT_CLASS = YES_ERROR;
				CLANG_WARN_QUOTED_INCLUDE_IN_FRAMEWORK_HEADER = YES;
				CLANG_WARN_RANGE_LOOP_ANALYSIS = YES;
				CLANG_WARN_STRICT_PROTOTYPES = YES;
				CLANG_WARN_SUSPICIOUS_MOVE = YES;
				CLANG_WARN_UNGUARDED_AVAILABILITY = YES_AGGRESSIVE;
				CLANG_WARN_UNREACHABLE_CODE = YES;
				CLANG_WARN__DUPLICATE_METHOD_MATCH = YES;
				COPY_PHASE_STRIP = NO;
				DEBUG_INFORMATION_FORMAT = dwarf;
				ENABLE_STRICT_OBJC_MSGSEND = YES;
				ENABLE_TESTABILITY = YES;
				ENABLE_USER_SCRIPT_SANDBOXING = YES;
				GCC_C_LANGUAGE_STANDARD = gnu17;
				GCC_DYNAMIC_NO_PIC = NO;
				GCC_NO_COMMON_BLOCKS = YES;
				GCC_OPTIMIZATION_LEVEL = 0;
				GCC_PREPROCESSOR_DEFINITIONS = (
					"DEBUG=1",
					"$(inherited)",
				);
				GCC_WARN_64_TO_32_BIT_CONVERSION = YES;
				GCC_WARN_ABOUT_RETURN_TYPE = YES_ERROR;
				GCC_WARN_UNDECLARED_SELECTOR = YES;
				GCC_WARN_UNINITIALIZED_AUTOS = YES_AGGRESSIVE;
				GCC_WARN_UNUSED_FUNCTION = YES;
				GCC_WARN_UNUSED_VARIABLE = YES;
				IPHONEOS_DEPLOYMENT_TARGET = 17.5;
				LOCALIZATION_PREFERS_STRING_CATALOGS = YES;
				MTL_ENABLE_DEBUG_INFO = INCLUDE_SOURCE;
				MTL_FAST_MATH = YES;
				ONLY_ACTIVE_ARCH = YES;
				SDKROOT = iphoneos;
				SWIFT_ACTIVE_COMPILATION_CONDITIONS = "DEBUG $(inherited)";
				SWIFT_OPTIMIZATION_LEVEL = "-Onone";
			};
			name = Debug;
		};
		C47ACDA02CDF5CF000080CE8 /* Release */ = {
			isa = XCBuildConfiguration;
			buildSettings = {
				ALWAYS_SEARCH_USER_PATHS = NO;
				ASSETCATALOG_COMPILER_GENERATE_SWIFT_ASSET_SYMBOL_EXTENSIONS = YES;
				CLANG_ANALYZER_NONNULL = YES;
				CLANG_ANALYZER_NUMBER_OBJECT_CONVERSION = YES_AGGRESSIVE;
				CLANG_CXX_LANGUAGE_STANDARD = "gnu++20";
				CLANG_ENABLE_MODULES = YES;
				CLANG_ENABLE_OBJC_ARC = YES;
				CLANG_ENABLE_OBJC_WEAK = YES;
				CLANG_WARN_BLOCK_CAPTURE_AUTORELEASING = YES;
				CLANG_WARN_BOOL_CONVERSION = YES;
				CLANG_WARN_COMMA = YES;
				CLANG_WARN_CONSTANT_CONVERSION = YES;
				CLANG_WARN_DEPRECATED_OBJC_IMPLEMENTATIONS = YES;
				CLANG_WARN_DIRECT_OBJC_ISA_USAGE = YES_ERROR;
				CLANG_WARN_DOCUMENTATION_COMMENTS = YES;
				CLANG_WARN_EMPTY_BODY = YES;
				CLANG_WARN_ENUM_CONVERSION = YES;
				CLANG_WARN_INFINITE_RECURSION = YES;
				CLANG_WARN_INT_CONVERSION = YES;
				CLANG_WARN_NON_LITERAL_NULL_CONVERSION = YES;
				CLANG_WARN_OBJC_IMPLICIT_RETAIN_SELF = YES;
				CLANG_WARN_OBJC_LITERAL_CONVERSION = YES;
				CLANG_WARN_OBJC_ROOT_CLASS = YES_ERROR;
				CLANG_WARN_QUOTED_INCLUDE_IN_FRAMEWORK_HEADER = YES;
				CLANG_WARN_RANGE_LOOP_ANALYSIS = YES;
				CLANG_WARN_STRICT_PROTOTYPES = YES;
				CLANG_WARN_SUSPICIOUS_MOVE = YES;
				CLANG_WARN_UNGUARDED_AVAILABILITY = YES_AGGRESSIVE;
				CLANG_WARN_UNREACHABLE_CODE = YES;
				CLANG_WARN__DUPLICATE_METHOD_MATCH = YES;
				COPY_PHASE_STRIP = NO;
				DEBUG_INFORMATION_FORMAT = "dwarf-with-dsym";
				ENABLE_NS_ASSERTIONS = NO;
				ENABLE_STRICT_OBJC_MSGSEND = YES;
				ENABLE_USER_SCRIPT_SANDBOXING = YES;
				GCC_C_LANGUAGE_STANDARD = gnu17;
				GCC_NO_COMMON_BLOCKS = YES;
				GCC_WARN_64_TO_32_BIT_CONVERSION = YES;
				GCC_WARN_ABOUT_RETURN_TYPE = YES_ERROR;
				GCC_WARN_UNDECLARED_SELECTOR = YES;
				GCC_WARN_UNINITIALIZED_AUTOS = YES_AGGRESSIVE;
				GCC_WARN_UNUSED_FUNCTION = YES;
				GCC_WARN_UNUSED_VARIABLE = YES;
				IPHONEOS_DEPLOYMENT_TARGET = 17.5;
				LOCALIZATION_PREFERS_STRING_CATALOGS = YES;
				MTL_ENABLE_DEBUG_INFO = NO;
				MTL_FAST_MATH = YES;
				SDKROOT = iphoneos;
				SWIFT_COMPILATION_MODE = wholemodule;
				VALIDATE_PRODUCT = YES;
			};
			name = Release;
		};
		C47ACDA22CDF5CF000080CE8 /* Debug */ = {
			isa = XCBuildConfiguration;
			baseConfigurationReference = 53F5FEAF5B5AA58C81E32770 /* Pods-EcommerceAdditionalFeatures.debug.xcconfig */;
			buildSettings = {
				ASSETCATALOG_COMPILER_APPICON_NAME = AppIcon;
				ASSETCATALOG_COMPILER_GLOBAL_ACCENT_COLOR_NAME = AccentColor;
				CODE_SIGN_STYLE = Automatic;
				CURRENT_PROJECT_VERSION = 1;
				DEVELOPMENT_TEAM = 4Q3P58HHV5;
				ENABLE_USER_SCRIPT_SANDBOXING = NO;
				GENERATE_INFOPLIST_FILE = YES;
				INFOPLIST_FILE = EcommerceAdditionalFeatures/Info.plist;
				INFOPLIST_KEY_UIApplicationSupportsIndirectInputEvents = YES;
				INFOPLIST_KEY_UILaunchStoryboardName = LaunchScreen;
				INFOPLIST_KEY_UISupportedInterfaceOrientations_iPad = "UIInterfaceOrientationPortrait UIInterfaceOrientationPortraitUpsideDown UIInterfaceOrientationLandscapeLeft UIInterfaceOrientationLandscapeRight";
				INFOPLIST_KEY_UISupportedInterfaceOrientations_iPhone = "UIInterfaceOrientationPortrait UIInterfaceOrientationLandscapeLeft UIInterfaceOrientationLandscapeRight";
				LD_RUNPATH_SEARCH_PATHS = (
					"$(inherited)",
					"@executable_path/Frameworks",
				);
				MARKETING_VERSION = 1.0;
				PRODUCT_BUNDLE_IDENTIFIER = com.MikaIlkUygulama.EcommerceAdditionalFeatures;
				PRODUCT_NAME = "$(TARGET_NAME)";
				SWIFT_EMIT_LOC_STRINGS = YES;
				SWIFT_VERSION = 5.0;
				TARGETED_DEVICE_FAMILY = "1,2";
			};
			name = Debug;
		};
		C47ACDA32CDF5CF000080CE8 /* Release */ = {
			isa = XCBuildConfiguration;
			baseConfigurationReference = 9701AC1449BF3718F0F5ECCB /* Pods-EcommerceAdditionalFeatures.release.xcconfig */;
			buildSettings = {
				ASSETCATALOG_COMPILER_APPICON_NAME = AppIcon;
				ASSETCATALOG_COMPILER_GLOBAL_ACCENT_COLOR_NAME = AccentColor;
				CODE_SIGN_STYLE = Automatic;
				CURRENT_PROJECT_VERSION = 1;
				DEVELOPMENT_TEAM = 4Q3P58HHV5;
				ENABLE_USER_SCRIPT_SANDBOXING = NO;
				GENERATE_INFOPLIST_FILE = YES;
				INFOPLIST_FILE = EcommerceAdditionalFeatures/Info.plist;
				INFOPLIST_KEY_UIApplicationSupportsIndirectInputEvents = YES;
				INFOPLIST_KEY_UILaunchStoryboardName = LaunchScreen;
				INFOPLIST_KEY_UISupportedInterfaceOrientations_iPad = "UIInterfaceOrientationPortrait UIInterfaceOrientationPortraitUpsideDown UIInterfaceOrientationLandscapeLeft UIInterfaceOrientationLandscapeRight";
				INFOPLIST_KEY_UISupportedInterfaceOrientations_iPhone = "UIInterfaceOrientationPortrait UIInterfaceOrientationLandscapeLeft UIInterfaceOrientationLandscapeRight";
				LD_RUNPATH_SEARCH_PATHS = (
					"$(inherited)",
					"@executable_path/Frameworks",
				);
				MARKETING_VERSION = 1.0;
				PRODUCT_BUNDLE_IDENTIFIER = com.MikaIlkUygulama.EcommerceAdditionalFeatures;
				PRODUCT_NAME = "$(TARGET_NAME)";
				SWIFT_EMIT_LOC_STRINGS = YES;
				SWIFT_VERSION = 5.0;
				TARGETED_DEVICE_FAMILY = "1,2";
			};
			name = Release;
		};
/* End XCBuildConfiguration section */

/* Begin XCConfigurationList section */
		C47ACD882CDF5CEF00080CE8 /* Build configuration list for PBXProject "EcommerceAdditionalFeatures" */ = {
			isa = XCConfigurationList;
			buildConfigurations = (
				C47ACD9F2CDF5CF000080CE8 /* Debug */,
				C47ACDA02CDF5CF000080CE8 /* Release */,
			);
			defaultConfigurationIsVisible = 0;
			defaultConfigurationName = Release;
		};
		C47ACDA12CDF5CF000080CE8 /* Build configuration list for PBXNativeTarget "EcommerceAdditionalFeatures" */ = {
			isa = XCConfigurationList;
			buildConfigurations = (
				C47ACDA22CDF5CF000080CE8 /* Debug */,
				C47ACDA32CDF5CF000080CE8 /* Release */,
			);
			defaultConfigurationIsVisible = 0;
			defaultConfigurationName = Release;
		};
/* End XCConfigurationList section */
	};
	rootObject = C47ACD852CDF5CEF00080CE8 /* Project object */;
}
